
Microsoft Visual Studio Solution File, Format Version 12.00
# Visual Studio Version 17
VisualStudioVersion = 17.6.33829.357
MinimumVisualStudioVersion = 10.0.40219.1
Project("{9A19103F-16F7-4668-BE54-9A1E7A4F7556}") = "Savaged.Excel", "Savaged.Excel\Savaged.Excel.csproj", "{13E3D681-D1C7-4753-B6B4-FB32D46A98A2}"
EndProject
Project("{FAE04EC0-301F-11D3-BF4B-00C04F79EFBC}") = "Savaged.Excel.Test", "Savaged.Excel.Test\Savaged.Excel.Test.csproj", "{73F8BDEB-D476-446A-AD61-D93EAAB3E7D3}"
EndProject
Global
	GlobalSection(SolutionConfigurationPlatforms) = preSolution
		Debug|Any CPU = Debug|Any CPU
		Release|Any CPU = Release|Any CPU
	EndGlobalSection
	GlobalSection(ProjectConfigurationPlatforms) = postSolution
		{13E3D681-D1C7-4753-B6B4-FB32D46A98A2}.Debug|Any CPU.ActiveCfg = Debug|Any CPU
		{13E3D681-D1C7-4753-B6B4-FB32D46A98A2}.Debug|Any CPU.Build.0 = Debug|Any CPU
		{13E3D681-D1C7-4753-B6B4-FB32D46A98A2}.Release|Any CPU.ActiveCfg = Release|Any CPU
		{13E3D681-D1C7-4753-B6B4-FB32D46A98A2}.Release|Any CPU.Build.0 = Release|Any CPU
		{73F8BDEB-D476-446A-AD61-D93EAAB3E7D3}.Debug|Any CPU.ActiveCfg = Debug|Any CPU
		{73F8BDEB-D476-446A-AD61-D93EAAB3E7D3}.Debug|Any CPU.Build.0 = Debug|Any CPU
		{73F8BDEB-D476-446A-AD61-D93EAAB3E7D3}.Release|Any CPU.ActiveCfg = Release|Any CPU
		{73F8BDEB-D476-446A-AD61-D93EAAB3E7D3}.Release|Any CPU.Build.0 = Release|Any CPU
	EndGlobalSection
	GlobalSection(SolutionProperties) = preSolution
		HideSolutionNode = FALSE
	EndGlobalSection
	GlobalSection(ExtensibilityGlobals) = postSolution
		SolutionGuid = {33EDE6A1-7CB1-4CDB-915D-463B1A50BFF9}
	EndGlobalSection
EndGlobal
